
Microsoft Visual Studio Solution File, Format Version 12.00
# Visual Studio Version 17
VisualStudioVersion = 17.9.34902.65
MinimumVisualStudioVersion = 10.0.40219.1
Project("{9A19103F-16F7-4668-BE54-9A1E7A4F7556}") = "Comments", "Comments.csproj", "{16D73F58-2527-48F4-BD2F-6D7C41B8366D}"
EndProject
Project("{FAE04EC0-301F-11D3-BF4B-00C04F79EFBC}") = "Comments.Tests", "..\Comments.Tests\Comments.Tests.csproj", "{D04CB34C-E711-44DA-B9AC-7C7D0049B44F}"
EndProject
Global
	GlobalSection(SolutionConfigurationPlatforms) = preSolution
		Debug|Any CPU = Debug|Any CPU
		Release|Any CPU = Release|Any CPU
	EndGlobalSection
	GlobalSection(ProjectConfigurationPlatforms) = postSolution
		{16D73F58-2527-48F4-BD2F-6D7C41B8366D}.Debug|Any CPU.ActiveCfg = Debug|Any CPU
		{16D73F58-2527-48F4-BD2F-6D7C41B8366D}.Debug|Any CPU.Build.0 = Debug|Any CPU
		{16D73F58-2527-48F4-BD2F-6D7C41B8366D}.Release|Any CPU.ActiveCfg = Release|Any CPU
		{16D73F58-2527-48F4-BD2F-6D7C41B8366D}.Release|Any CPU.Build.0 = Release|Any CPU
		{D04CB34C-E711-44DA-B9AC-7C7D0049B44F}.Debug|Any CPU.ActiveCfg = Debug|Any CPU
		{D04CB34C-E711-44DA-B9AC-7C7D0049B44F}.Debug|Any CPU.Build.0 = Debug|Any CPU
		{D04CB34C-E711-44DA-B9AC-7C7D0049B44F}.Release|Any CPU.ActiveCfg = Release|Any CPU
		{D04CB34C-E711-44DA-B9AC-7C7D0049B44F}.Release|Any CPU.Build.0 = Release|Any CPU
	EndGlobalSection
	GlobalSection(SolutionProperties) = preSolution
		HideSolutionNode = FALSE
	EndGlobalSection
	GlobalSection(ExtensibilityGlobals) = postSolution
		SolutionGuid = {E0051905-E923-423A-9163-32DE920A8F90}
	EndGlobalSection
EndGlobal
